{
  "name": "ffserv",
  "version": "1.0.0",
  "lockfileVersion": 1,
  "requires": true,
  "dependencies": {
    "angular-recaptcha": {
      "version": "4.2.0",
      "resolved": "https://registry.npmjs.org/angular-recaptcha/-/angular-recaptcha-4.2.0.tgz",
      "integrity": "sha512-PZ4VsUiNKNqaGqCpTAEwyAWUNF0w7xFulMf3ajJVym7bidxPEi5py1jQdxj4LFIWUxoA7XPan4sJMK4UeB8Srg=="
    },
    "nodemailer": {
      "version": "6.4.16",
      "resolved": "https://registry.npmjs.org/nodemailer/-/nodemailer-6.4.16.tgz",
      "integrity": "sha512-68K0LgZ6hmZ7PVmwL78gzNdjpj5viqBdFqKrTtr9bZbJYj6BRj5W6WGkxXrEnUl3Co3CBXi3CZBUlpV/foGnOQ=="
    }
  }
}
