{
  "name": "ffserv",
  "version": "1.0.0",
  "lockfileVersion": 1,
  "requires": true,
  "dependencies": {
    "angular-recaptcha": {
      "version": "4.2.0",
      "resolved": "https://registry.npmjs.org/angular-recaptcha/-/angular-recaptcha-4.2.0.tgz",
      "integrity": "sha512-PZ4VsUiNKNqaGqCpTAEwyAWUNF0w7xFulMf3ajJVym7bidxPEi5py1jQdxj4LFIWUxoA7XPan4sJMK4UeB8Srg=="
    },
    "nodemailer": {
      "version": "6.2.1",
      "resolved": "https://registry.npmjs.org/nodemailer/-/nodemailer-6.2.1.tgz",
      "integrity": "sha512-TagB7iuIi9uyNgHExo8lUDq3VK5/B0BpbkcjIgNvxbtVrjNqq0DwAOTuzALPVkK76kMhTSzIgHqg8X1uklVs6g=="
    }
  }
}
